
Microsoft Visual Studio Solution File, Format Version 12.00
# Visual Studio Version 17
VisualStudioVersion = 17.9.34310.174
MinimumVisualStudioVersion = 10.0.40219.1
Project("{FAE04EC0-301F-11D3-BF4B-00C04F79EFBC}") = "Bank_System", "Bank_System\Bank_System.csproj", "{B0AEA2D7-A8B1-4030-943E-E0A4DF9D34FF}"
EndProject
Global
	GlobalSection(SolutionConfigurationPlatforms) = preSolution
		Debug|Any CPU = Debug|Any CPU
		Release|Any CPU = Release|Any CPU
	EndGlobalSection
	GlobalSection(ProjectConfigurationPlatforms) = postSolution
		{B0AEA2D7-A8B1-4030-943E-E0A4DF9D34FF}.Debug|Any CPU.ActiveCfg = Debug|Any CPU
		{B0AEA2D7-A8B1-4030-943E-E0A4DF9D34FF}.Debug|Any CPU.Build.0 = Debug|Any CPU
		{B0AEA2D7-A8B1-4030-943E-E0A4DF9D34FF}.Release|Any CPU.ActiveCfg = Release|Any CPU
		{B0AEA2D7-A8B1-4030-943E-E0A4DF9D34FF}.Release|Any CPU.Build.0 = Release|Any CPU
	EndGlobalSection
	GlobalSection(SolutionProperties) = preSolution
		HideSolutionNode = FALSE
	EndGlobalSection
	GlobalSection(ExtensibilityGlobals) = postSolution
		SolutionGuid = {1851C7EF-2BF9-4B10-A88F-94E3B30DF8EE}
	EndGlobalSection
EndGlobal
